
Microsoft Visual Studio Solution File, Format Version 12.00
# Visual Studio 15
VisualStudioVersion = 15.0.28010.2048
MinimumVisualStudioVersion = 10.0.40219.1
Project("{FAE04EC0-301F-11D3-BF4B-00C04F79EFBC}") = "Northwind.WinForm", "Northwind.WinForm\Northwind.WinForm.csproj", "{941B4638-59E9-4751-A9D2-40C407D13764}"
EndProject
Project("{FAE04EC0-301F-11D3-BF4B-00C04F79EFBC}") = "Northwind.ORM", "Northwind.ORM\Northwind.ORM.csproj", "{A09B71FF-6309-401B-8BE1-74D36334B88C}"
EndProject
Global
	GlobalSection(SolutionConfigurationPlatforms) = preSolution
		Debug|Any CPU = Debug|Any CPU
		Release|Any CPU = Release|Any CPU
	EndGlobalSection
	GlobalSection(ProjectConfigurationPlatforms) = postSolution
		{941B4638-59E9-4751-A9D2-40C407D13764}.Debug|Any CPU.ActiveCfg = Debug|Any CPU
		{941B4638-59E9-4751-A9D2-40C407D13764}.Debug|Any CPU.Build.0 = Debug|Any CPU
		{941B4638-59E9-4751-A9D2-40C407D13764}.Release|Any CPU.ActiveCfg = Release|Any CPU
		{941B4638-59E9-4751-A9D2-40C407D13764}.Release|Any CPU.Build.0 = Release|Any CPU
		{A09B71FF-6309-401B-8BE1-74D36334B88C}.Debug|Any CPU.ActiveCfg = Debug|Any CPU
		{A09B71FF-6309-401B-8BE1-74D36334B88C}.Debug|Any CPU.Build.0 = Debug|Any CPU
		{A09B71FF-6309-401B-8BE1-74D36334B88C}.Release|Any CPU.ActiveCfg = Release|Any CPU
		{A09B71FF-6309-401B-8BE1-74D36334B88C}.Release|Any CPU.Build.0 = Release|Any CPU
	EndGlobalSection
	GlobalSection(SolutionProperties) = preSolution
		HideSolutionNode = FALSE
	EndGlobalSection
	GlobalSection(ExtensibilityGlobals) = postSolution
		SolutionGuid = {81EF2EB5-E3D8-42E7-A7E8-F0C0B2030C85}
	EndGlobalSection
EndGlobal
